
Microsoft Visual Studio Solution File, Format Version 12.00
# Visual Studio 2013
VisualStudioVersion = 12.0.40629.0
MinimumVisualStudioVersion = 10.0.40219.1
Project("{FAE04EC0-301F-11D3-BF4B-00C04F79EFBC}") = "SysLibrary.Util", "SysLibrary.Util\SysLibrary.Util.csproj", "{2BD21708-DD2B-4808-BC3C-8B75EF96E352}"
EndProject
Project("{FAE04EC0-301F-11D3-BF4B-00C04F79EFBC}") = "SysLibrary.Entidades", "SysLibrary.Entidades\SysLibrary.Entidades.csproj", "{9536037B-6271-45A0-A254-DA29283E8FDD}"
EndProject
Project("{FAE04EC0-301F-11D3-BF4B-00C04F79EFBC}") = "SysLibrary.WebApp", "SysLibrary.WebApp\SysLibrary.WebApp.csproj", "{B44ED36E-EC32-4C9D-96E4-5A1AE4AE986E}"
EndProject
Project("{FAE04EC0-301F-11D3-BF4B-00C04F79EFBC}") = "SysLibrary.Data", "SysLibrary.Data\SysLibrary.Data.csproj", "{2A70B8BE-0C28-48BF-AA93-61CA9F819DA9}"
EndProject
Project("{FAE04EC0-301F-11D3-BF4B-00C04F79EFBC}") = "SysLibrary.Business", "SysLibrary.Business\SysLibrary.Business.csproj", "{F6F7433D-C18D-43A0-9E62-10F3C2408B86}"
EndProject
Global
	GlobalSection(SolutionConfigurationPlatforms) = preSolution
		Debug|Any CPU = Debug|Any CPU
		Release|Any CPU = Release|Any CPU
	EndGlobalSection
	GlobalSection(ProjectConfigurationPlatforms) = postSolution
		{2BD21708-DD2B-4808-BC3C-8B75EF96E352}.Debug|Any CPU.ActiveCfg = Debug|Any CPU
		{2BD21708-DD2B-4808-BC3C-8B75EF96E352}.Debug|Any CPU.Build.0 = Debug|Any CPU
		{2BD21708-DD2B-4808-BC3C-8B75EF96E352}.Release|Any CPU.ActiveCfg = Release|Any CPU
		{2BD21708-DD2B-4808-BC3C-8B75EF96E352}.Release|Any CPU.Build.0 = Release|Any CPU
		{9536037B-6271-45A0-A254-DA29283E8FDD}.Debug|Any CPU.ActiveCfg = Debug|Any CPU
		{9536037B-6271-45A0-A254-DA29283E8FDD}.Debug|Any CPU.Build.0 = Debug|Any CPU
		{9536037B-6271-45A0-A254-DA29283E8FDD}.Release|Any CPU.ActiveCfg = Release|Any CPU
		{9536037B-6271-45A0-A254-DA29283E8FDD}.Release|Any CPU.Build.0 = Release|Any CPU
		{B44ED36E-EC32-4C9D-96E4-5A1AE4AE986E}.Debug|Any CPU.ActiveCfg = Debug|Any CPU
		{B44ED36E-EC32-4C9D-96E4-5A1AE4AE986E}.Debug|Any CPU.Build.0 = Debug|Any CPU
		{B44ED36E-EC32-4C9D-96E4-5A1AE4AE986E}.Release|Any CPU.ActiveCfg = Release|Any CPU
		{B44ED36E-EC32-4C9D-96E4-5A1AE4AE986E}.Release|Any CPU.Build.0 = Release|Any CPU
		{2A70B8BE-0C28-48BF-AA93-61CA9F819DA9}.Debug|Any CPU.ActiveCfg = Debug|Any CPU
		{2A70B8BE-0C28-48BF-AA93-61CA9F819DA9}.Debug|Any CPU.Build.0 = Debug|Any CPU
		{2A70B8BE-0C28-48BF-AA93-61CA9F819DA9}.Release|Any CPU.ActiveCfg = Release|Any CPU
		{2A70B8BE-0C28-48BF-AA93-61CA9F819DA9}.Release|Any CPU.Build.0 = Release|Any CPU
		{F6F7433D-C18D-43A0-9E62-10F3C2408B86}.Debug|Any CPU.ActiveCfg = Debug|Any CPU
		{F6F7433D-C18D-43A0-9E62-10F3C2408B86}.Debug|Any CPU.Build.0 = Debug|Any CPU
		{F6F7433D-C18D-43A0-9E62-10F3C2408B86}.Release|Any CPU.ActiveCfg = Release|Any CPU
		{F6F7433D-C18D-43A0-9E62-10F3C2408B86}.Release|Any CPU.Build.0 = Release|Any CPU
	EndGlobalSection
	GlobalSection(SolutionProperties) = preSolution
		HideSolutionNode = FALSE
	EndGlobalSection
EndGlobal
